
Microsoft Visual Studio Solution File, Format Version 12.00
# Visual Studio Version 17
VisualStudioVersion = 17.4.33103.184
MinimumVisualStudioVersion = 10.0.40219.1
Project("{FAE04EC0-301F-11D3-BF4B-00C04F79EFBC}") = "librarySampleMVC", "librarySampleMVC.csproj", "{80B5878C-6C6A-4075-A748-5FDB36569C37}"
EndProject
Global
	GlobalSection(SolutionConfigurationPlatforms) = preSolution
		Debug|Any CPU = Debug|Any CPU
		Release|Any CPU = Release|Any CPU
	EndGlobalSection
	GlobalSection(ProjectConfigurationPlatforms) = postSolution
		{80B5878C-6C6A-4075-A748-5FDB36569C37}.Debug|Any CPU.ActiveCfg = Debug|Any CPU
		{80B5878C-6C6A-4075-A748-5FDB36569C37}.Debug|Any CPU.Build.0 = Debug|Any CPU
		{80B5878C-6C6A-4075-A748-5FDB36569C37}.Release|Any CPU.ActiveCfg = Release|Any CPU
		{80B5878C-6C6A-4075-A748-5FDB36569C37}.Release|Any CPU.Build.0 = Release|Any CPU
	EndGlobalSection
	GlobalSection(SolutionProperties) = preSolution
		HideSolutionNode = FALSE
	EndGlobalSection
	GlobalSection(ExtensibilityGlobals) = postSolution
		SolutionGuid = {78270287-1886-43C4-BB99-F699E121898B}
	EndGlobalSection
EndGlobal
